{
  "name": "audiopitcher",
  "version": "0.0.1",
  "lockfileVersion": 1,
  "requires": true,
  "dependencies": {
    "fourier-transform": {
      "version": "1.1.2",
      "resolved": "https://registry.npmjs.org/fourier-transform/-/fourier-transform-1.1.2.tgz",
      "integrity": "sha1-U5J876hpWOsf0hSK9GxtP8Xnm2Q="
    },
    "window-function": {
      "version": "2.0.2",
      "resolved": "https://registry.npmjs.org/window-function/-/window-function-2.0.2.tgz",
      "integrity": "sha1-F1BsTgicnW8ZWwnpuuxfrq+qRho="
    }
  }
}
